
Microsoft Visual Studio Solution File, Format Version 10.00
# Visual Studio 2008
Project("{8BC9CEB8-8B4A-11D0-8D11-00A0C91BC942}") = "ThreadTest", "ThreadTest\ThreadTest.vcproj", "{CED19040-D014-4CF1-BE2C-961229CEC648}"
EndProject
Global
	GlobalSection(SolutionConfigurationPlatforms) = preSolution
		Debug|Win32 = Debug|Win32
		Release|Win32 = Release|Win32
	EndGlobalSection
	GlobalSection(ProjectConfigurationPlatforms) = postSolution
		{CED19040-D014-4CF1-BE2C-961229CEC648}.Debug|Win32.ActiveCfg = Debug|Win32
		{CED19040-D014-4CF1-BE2C-961229CEC648}.Debug|Win32.Build.0 = Debug|Win32
		{CED19040-D014-4CF1-BE2C-961229CEC648}.Release|Win32.ActiveCfg = Release|Win32
		{CED19040-D014-4CF1-BE2C-961229CEC648}.Release|Win32.Build.0 = Release|Win32
	EndGlobalSection
	GlobalSection(SolutionProperties) = preSolution
		HideSolutionNode = FALSE
	EndGlobalSection
EndGlobal
